<?xml version="1.0" encoding="UTF-8" standalone="yes" ?>
<CodeBlocks_project_file>
	<FileVersion major="1" minor="6" />
	<Project>
		<Option title="Teste crabsim" />
		<Option pch_mode="2" />
		<Option compiler="gcc" />
		<Build>
			<Target title="Debug">
				<Option output="bin/Debug/crabsim" prefix_auto="1" extension_auto="1" />
				<Option object_output="obj/Debug/" />
				<Option type="1" />
				<Option compiler="gcc" />
				<Compiler>
					<Add option="-g" />
				</Compiler>
			</Target>
			<Target title="Release">
				<Option output="bin/Release/crabsim" prefix_auto="1" extension_auto="1" />
				<Option object_output="obj/Release/" />
				<Option type="1" />
				<Option compiler="gcc" />
				<Compiler>
					<Add option="-O2" />
				</Compiler>
				<Linker>
					<Add option="-s" />
				</Linker>
			</Target>
		</Build>
		<Compiler>
			<Add option="-Wall" />
			<Add option="-fexceptions" />
			<Add directory="lib/include/irrlicht" />
			<Add directory="include" />
			<Add directory="include/bullet" />
			<Add directory="include/crabsim" />
			<Add directory="include/utils" />
			<Add directory="include/bullet/BulletCollision/BroadphaseCollision" />
			<Add directory="include/bullet/BulletCollision/CollisionDispatch" />
			<Add directory="include/bullet/BulletCollision/CollisionShapes" />
			<Add directory="include/bullet/BulletCollision/Gimpact" />
			<Add directory="include/bullet/BulletCollision/NarrowPhaseCollision" />
			<Add directory="include/bullet/BulletDynamics/Character" />
			<Add directory="include/bullet/BulletDynamics/ConstraintSolver" />
			<Add directory="include/bullet/BulletDynamics/Dynamics" />
			<Add directory="include/bullet/BulletDynamics/Vehicle" />
			<Add directory="include/bullet/BulletFileLoader" />
			<Add directory="include/bullet/BulletWorldImporter" />
			<Add directory="include/bullet/LinearMath" />
		</Compiler>
		<Linker>
			<Add library="Irrlicht" />
			<Add directory="lib/windows/irrlicht" />
		</Linker>
		<Unit filename="include/bullet/Bullet-C-Api.h" />
		<Unit filename="include/bullet/BulletCollision/BroadphaseCollision/btAxisSweep3.h" />
		<Unit filename="include/bullet/BulletCollision/BroadphaseCollision/btBroadphaseInterface.h" />
		<Unit filename="include/bullet/BulletCollision/BroadphaseCollision/btBroadphaseProxy.h" />
		<Unit filename="include/bullet/BulletCollision/BroadphaseCollision/btCollisionAlgorithm.h" />
		<Unit filename="include/bullet/BulletCollision/BroadphaseCollision/btDbvt.h" />
		<Unit filename="include/bullet/BulletCollision/BroadphaseCollision/btDbvtBroadphase.h" />
		<Unit filename="include/bullet/BulletCollision/BroadphaseCollision/btDispatcher.h" />
		<Unit filename="include/bullet/BulletCollision/BroadphaseCollision/btMultiSapBroadphase.h" />
		<Unit filename="include/bullet/BulletCollision/BroadphaseCollision/btOverlappingPairCache.h" />
		<Unit filename="include/bullet/BulletCollision/BroadphaseCollision/btOverlappingPairCallback.h" />
		<Unit filename="include/bullet/BulletCollision/BroadphaseCollision/btQuantizedBvh.h" />
		<Unit filename="include/bullet/BulletCollision/BroadphaseCollision/btSimpleBroadphase.h" />
		<Unit filename="include/bullet/BulletCollision/CollisionDispatch/SphereTriangleDetector.h" />
		<Unit filename="include/bullet/BulletCollision/CollisionDispatch/btActivatingCollisionAlgorithm.h" />
		<Unit filename="include/bullet/BulletCollision/CollisionDispatch/btBox2dBox2dCollisionAlgorithm.h" />
		<Unit filename="include/bullet/BulletCollision/CollisionDispatch/btBoxBoxCollisionAlgorithm.h" />
		<Unit filename="include/bullet/BulletCollision/CollisionDispatch/btBoxBoxDetector.h" />
		<Unit filename="include/bullet/BulletCollision/CollisionDispatch/btCollisionConfiguration.h" />
		<Unit filename="include/bullet/BulletCollision/CollisionDispatch/btCollisionCreateFunc.h" />
		<Unit filename="include/bullet/BulletCollision/CollisionDispatch/btCollisionDispatcher.h" />
		<Unit filename="include/bullet/BulletCollision/CollisionDispatch/btCollisionObject.h" />
		<Unit filename="include/bullet/BulletCollision/CollisionDispatch/btCollisionWorld.h" />
		<Unit filename="include/bullet/BulletCollision/CollisionDispatch/btCompoundCollisionAlgorithm.h" />
		<Unit filename="include/bullet/BulletCollision/CollisionDispatch/btConvex2dConvex2dAlgorithm.h" />
		<Unit filename="include/bullet/BulletCollision/CollisionDispatch/btConvexConcaveCollisionAlgorithm.h" />
		<Unit filename="include/bullet/BulletCollision/CollisionDispatch/btConvexConvexAlgorithm.h" />
		<Unit filename="include/bullet/BulletCollision/CollisionDispatch/btConvexPlaneCollisionAlgorithm.h" />
		<Unit filename="include/bullet/BulletCollision/CollisionDispatch/btDefaultCollisionConfiguration.h" />
		<Unit filename="include/bullet/BulletCollision/CollisionDispatch/btEmptyCollisionAlgorithm.h" />
		<Unit filename="include/bullet/BulletCollision/CollisionDispatch/btGhostObject.h" />
		<Unit filename="include/bullet/BulletCollision/CollisionDispatch/btInternalEdgeUtility.h" />
		<Unit filename="include/bullet/BulletCollision/CollisionDispatch/btManifoldResult.h" />
		<Unit filename="include/bullet/BulletCollision/CollisionDispatch/btSimulationIslandManager.h" />
		<Unit filename="include/bullet/BulletCollision/CollisionDispatch/btSphereBoxCollisionAlgorithm.h" />
		<Unit filename="include/bullet/BulletCollision/CollisionDispatch/btSphereSphereCollisionAlgorithm.h" />
		<Unit filename="include/bullet/BulletCollision/CollisionDispatch/btSphereTriangleCollisionAlgorithm.h" />
		<Unit filename="include/bullet/BulletCollision/CollisionDispatch/btUnionFind.h" />
		<Unit filename="include/bullet/BulletCollision/CollisionShapes/btBox2dShape.h" />
		<Unit filename="include/bullet/BulletCollision/CollisionShapes/btBoxShape.h" />
		<Unit filename="include/bullet/BulletCollision/CollisionShapes/btBvhTriangleMeshShape.h" />
		<Unit filename="include/bullet/BulletCollision/CollisionShapes/btCapsuleShape.h" />
		<Unit filename="include/bullet/BulletCollision/CollisionShapes/btCollisionMargin.h" />
		<Unit filename="include/bullet/BulletCollision/CollisionShapes/btCollisionShape.h" />
		<Unit filename="include/bullet/BulletCollision/CollisionShapes/btCompoundShape.h" />
		<Unit filename="include/bullet/BulletCollision/CollisionShapes/btConcaveShape.h" />
		<Unit filename="include/bullet/BulletCollision/CollisionShapes/btConeShape.h" />
		<Unit filename="include/bullet/BulletCollision/CollisionShapes/btConvex2dShape.h" />
		<Unit filename="include/bullet/BulletCollision/CollisionShapes/btConvexHullShape.h" />
		<Unit filename="include/bullet/BulletCollision/CollisionShapes/btConvexInternalShape.h" />
		<Unit filename="include/bullet/BulletCollision/CollisionShapes/btConvexPointCloudShape.h" />
		<Unit filename="include/bullet/BulletCollision/CollisionShapes/btConvexPolyhedron.h" />
		<Unit filename="include/bullet/BulletCollision/CollisionShapes/btConvexShape.h" />
		<Unit filename="include/bullet/BulletCollision/CollisionShapes/btConvexTriangleMeshShape.h" />
		<Unit filename="include/bullet/BulletCollision/CollisionShapes/btCylinderShape.h" />
		<Unit filename="include/bullet/BulletCollision/CollisionShapes/btEmptyShape.h" />
		<Unit filename="include/bullet/BulletCollision/CollisionShapes/btHeightfieldTerrainShape.h" />
		<Unit filename="include/bullet/BulletCollision/CollisionShapes/btMaterial.h" />
		<Unit filename="include/bullet/BulletCollision/CollisionShapes/btMinkowskiSumShape.h" />
		<Unit filename="include/bullet/BulletCollision/CollisionShapes/btMultiSphereShape.h" />
		<Unit filename="include/bullet/BulletCollision/CollisionShapes/btMultimaterialTriangleMeshShape.h" />
		<Unit filename="include/bullet/BulletCollision/CollisionShapes/btOptimizedBvh.h" />
		<Unit filename="include/bullet/BulletCollision/CollisionShapes/btPolyhedralConvexShape.h" />
		<Unit filename="include/bullet/BulletCollision/CollisionShapes/btScaledBvhTriangleMeshShape.h" />
		<Unit filename="include/bullet/BulletCollision/CollisionShapes/btShapeHull.h" />
		<Unit filename="include/bullet/BulletCollision/CollisionShapes/btSphereShape.h" />
		<Unit filename="include/bullet/BulletCollision/CollisionShapes/btStaticPlaneShape.h" />
		<Unit filename="include/bullet/BulletCollision/CollisionShapes/btStridingMeshInterface.h" />
		<Unit filename="include/bullet/BulletCollision/CollisionShapes/btTetrahedronShape.h" />
		<Unit filename="include/bullet/BulletCollision/CollisionShapes/btTriangleBuffer.h" />
		<Unit filename="include/bullet/BulletCollision/CollisionShapes/btTriangleCallback.h" />
		<Unit filename="include/bullet/BulletCollision/CollisionShapes/btTriangleIndexVertexArray.h" />
		<Unit filename="include/bullet/BulletCollision/CollisionShapes/btTriangleIndexVertexMaterialArray.h" />
		<Unit filename="include/bullet/BulletCollision/CollisionShapes/btTriangleInfoMap.h" />
		<Unit filename="include/bullet/BulletCollision/CollisionShapes/btTriangleMesh.h" />
		<Unit filename="include/bullet/BulletCollision/CollisionShapes/btTriangleMeshShape.h" />
		<Unit filename="include/bullet/BulletCollision/CollisionShapes/btTriangleShape.h" />
		<Unit filename="include/bullet/BulletCollision/CollisionShapes/btUniformScalingShape.h" />
		<Unit filename="include/bullet/BulletCollision/Gimpact/btBoxCollision.h" />
		<Unit filename="include/bullet/BulletCollision/Gimpact/btClipPolygon.h" />
		<Unit filename="include/bullet/BulletCollision/Gimpact/btContactProcessing.h" />
		<Unit filename="include/bullet/BulletCollision/Gimpact/btGImpactBvh.h" />
		<Unit filename="include/bullet/BulletCollision/Gimpact/btGImpactCollisionAlgorithm.h" />
		<Unit filename="include/bullet/BulletCollision/Gimpact/btGImpactMassUtil.h" />
		<Unit filename="include/bullet/BulletCollision/Gimpact/btGImpactQuantizedBvh.h" />
		<Unit filename="include/bullet/BulletCollision/Gimpact/btGImpactShape.h" />
		<Unit filename="include/bullet/BulletCollision/Gimpact/btGenericPoolAllocator.h" />
		<Unit filename="include/bullet/BulletCollision/Gimpact/btGeometryOperations.h" />
		<Unit filename="include/bullet/BulletCollision/Gimpact/btQuantization.h" />
		<Unit filename="include/bullet/BulletCollision/Gimpact/btTriangleShapeEx.h" />
		<Unit filename="include/bullet/BulletCollision/Gimpact/gim_array.h" />
		<Unit filename="include/bullet/BulletCollision/Gimpact/gim_basic_geometry_operations.h" />
		<Unit filename="include/bullet/BulletCollision/Gimpact/gim_bitset.h" />
		<Unit filename="include/bullet/BulletCollision/Gimpact/gim_box_collision.h" />
		<Unit filename="include/bullet/BulletCollision/Gimpact/gim_box_set.h" />
		<Unit filename="include/bullet/BulletCollision/Gimpact/gim_clip_polygon.h" />
		<Unit filename="include/bullet/BulletCollision/Gimpact/gim_contact.h" />
		<Unit filename="include/bullet/BulletCollision/Gimpact/gim_geom_types.h" />
		<Unit filename="include/bullet/BulletCollision/Gimpact/gim_geometry.h" />
		<Unit filename="include/bullet/BulletCollision/Gimpact/gim_hash_table.h" />
		<Unit filename="include/bullet/BulletCollision/Gimpact/gim_linear_math.h" />
		<Unit filename="include/bullet/BulletCollision/Gimpact/gim_math.h" />
		<Unit filename="include/bullet/BulletCollision/Gimpact/gim_memory.h" />
		<Unit filename="include/bullet/BulletCollision/Gimpact/gim_radixsort.h" />
		<Unit filename="include/bullet/BulletCollision/Gimpact/gim_tri_collision.h" />
		<Unit filename="include/bullet/BulletCollision/NarrowPhaseCollision/btContinuousConvexCollision.h" />
		<Unit filename="include/bullet/BulletCollision/NarrowPhaseCollision/btConvexCast.h" />
		<Unit filename="include/bullet/BulletCollision/NarrowPhaseCollision/btConvexPenetrationDepthSolver.h" />
		<Unit filename="include/bullet/BulletCollision/NarrowPhaseCollision/btDiscreteCollisionDetectorInterface.h" />
		<Unit filename="include/bullet/BulletCollision/NarrowPhaseCollision/btGjkConvexCast.h" />
		<Unit filename="include/bullet/BulletCollision/NarrowPhaseCollision/btGjkEpa2.h" />
		<Unit filename="include/bullet/BulletCollision/NarrowPhaseCollision/btGjkEpaPenetrationDepthSolver.h" />
		<Unit filename="include/bullet/BulletCollision/NarrowPhaseCollision/btGjkPairDetector.h" />
		<Unit filename="include/bullet/BulletCollision/NarrowPhaseCollision/btManifoldPoint.h" />
		<Unit filename="include/bullet/BulletCollision/NarrowPhaseCollision/btMinkowskiPenetrationDepthSolver.h" />
		<Unit filename="include/bullet/BulletCollision/NarrowPhaseCollision/btPersistentManifold.h" />
		<Unit filename="include/bullet/BulletCollision/NarrowPhaseCollision/btPointCollector.h" />
		<Unit filename="include/bullet/BulletCollision/NarrowPhaseCollision/btPolyhedralContactClipping.h" />
		<Unit filename="include/bullet/BulletCollision/NarrowPhaseCollision/btRaycastCallback.h" />
		<Unit filename="include/bullet/BulletCollision/NarrowPhaseCollision/btSimplexSolverInterface.h" />
		<Unit filename="include/bullet/BulletCollision/NarrowPhaseCollision/btSubSimplexConvexCast.h" />
		<Unit filename="include/bullet/BulletCollision/NarrowPhaseCollision/btVoronoiSimplexSolver.h" />
		<Unit filename="include/bullet/BulletDynamics/Character/btCharacterControllerInterface.h" />
		<Unit filename="include/bullet/BulletDynamics/Character/btKinematicCharacterController.h" />
		<Unit filename="include/bullet/BulletDynamics/ConstraintSolver/btConeTwistConstraint.h" />
		<Unit filename="include/bullet/BulletDynamics/ConstraintSolver/btConstraintSolver.h" />
		<Unit filename="include/bullet/BulletDynamics/ConstraintSolver/btContactConstraint.h" />
		<Unit filename="include/bullet/BulletDynamics/ConstraintSolver/btContactSolverInfo.h" />
		<Unit filename="include/bullet/BulletDynamics/ConstraintSolver/btGeneric6DofConstraint.h" />
		<Unit filename="include/bullet/BulletDynamics/ConstraintSolver/btGeneric6DofSpringConstraint.h" />
		<Unit filename="include/bullet/BulletDynamics/ConstraintSolver/btHinge2Constraint.h" />
		<Unit filename="include/bullet/BulletDynamics/ConstraintSolver/btHingeConstraint.h" />
		<Unit filename="include/bullet/BulletDynamics/ConstraintSolver/btJacobianEntry.h" />
		<Unit filename="include/bullet/BulletDynamics/ConstraintSolver/btPoint2PointConstraint.h" />
		<Unit filename="include/bullet/BulletDynamics/ConstraintSolver/btSequentialImpulseConstraintSolver.h" />
		<Unit filename="include/bullet/BulletDynamics/ConstraintSolver/btSliderConstraint.h" />
		<Unit filename="include/bullet/BulletDynamics/ConstraintSolver/btSolve2LinearConstraint.h" />
		<Unit filename="include/bullet/BulletDynamics/ConstraintSolver/btSolverBody.h" />
		<Unit filename="include/bullet/BulletDynamics/ConstraintSolver/btSolverConstraint.h" />
		<Unit filename="include/bullet/BulletDynamics/ConstraintSolver/btTypedConstraint.h" />
		<Unit filename="include/bullet/BulletDynamics/ConstraintSolver/btUniversalConstraint.h" />
		<Unit filename="include/bullet/BulletDynamics/Dynamics/btActionInterface.h" />
		<Unit filename="include/bullet/BulletDynamics/Dynamics/btContinuousDynamicsWorld.h" />
		<Unit filename="include/bullet/BulletDynamics/Dynamics/btDiscreteDynamicsWorld.h" />
		<Unit filename="include/bullet/BulletDynamics/Dynamics/btDynamicsWorld.h" />
		<Unit filename="include/bullet/BulletDynamics/Dynamics/btRigidBody.h" />
		<Unit filename="include/bullet/BulletDynamics/Dynamics/btSimpleDynamicsWorld.h" />
		<Unit filename="include/bullet/BulletDynamics/Vehicle/btRaycastVehicle.h" />
		<Unit filename="include/bullet/BulletDynamics/Vehicle/btVehicleRaycaster.h" />
		<Unit filename="include/bullet/BulletDynamics/Vehicle/btWheelInfo.h" />
		<Unit filename="include/bullet/BulletFileLoader/bChunk.h" />
		<Unit filename="include/bullet/BulletFileLoader/bCommon.h" />
		<Unit filename="include/bullet/BulletFileLoader/bDNA.h" />
		<Unit filename="include/bullet/BulletFileLoader/bDefines.h" />
		<Unit filename="include/bullet/BulletFileLoader/bFile.h" />
		<Unit filename="include/bullet/BulletFileLoader/btBulletFile.h" />
		<Unit filename="include/bullet/BulletMultiThreaded/GpuSoftBodySolvers/CPU/btSoftBodySolverData.h" />
		<Unit filename="include/bullet/BulletMultiThreaded/GpuSoftBodySolvers/CPU/btSoftBodySolver_CPU.h" />
		<Unit filename="include/bullet/BulletMultiThreaded/GpuSoftBodySolvers/DX11/btSoftBodySolverBuffer_DX11.h" />
		<Unit filename="include/bullet/BulletMultiThreaded/GpuSoftBodySolvers/DX11/btSoftBodySolverLinkData_DX11.h" />
		<Unit filename="include/bullet/BulletMultiThreaded/GpuSoftBodySolvers/DX11/btSoftBodySolverLinkData_DX11SIMDAware.h" />
		<Unit filename="include/bullet/BulletMultiThreaded/GpuSoftBodySolvers/DX11/btSoftBodySolverTriangleData_DX11.h" />
		<Unit filename="include/bullet/BulletMultiThreaded/GpuSoftBodySolvers/DX11/btSoftBodySolverVertexBuffer_DX11.h" />
		<Unit filename="include/bullet/BulletMultiThreaded/GpuSoftBodySolvers/DX11/btSoftBodySolverVertexData_DX11.h" />
		<Unit filename="include/bullet/BulletMultiThreaded/GpuSoftBodySolvers/DX11/btSoftBodySolver_DX11.h" />
		<Unit filename="include/bullet/BulletMultiThreaded/GpuSoftBodySolvers/DX11/btSoftBodySolver_DX11SIMDAware.h" />
		<Unit filename="include/bullet/BulletMultiThreaded/GpuSoftBodySolvers/OpenCL/btSoftBodySolverBuffer_OpenCL.h" />
		<Unit filename="include/bullet/BulletMultiThreaded/GpuSoftBodySolvers/OpenCL/btSoftBodySolverLinkData_OpenCL.h" />
		<Unit filename="include/bullet/BulletMultiThreaded/GpuSoftBodySolvers/OpenCL/btSoftBodySolverLinkData_OpenCLSIMDAware.h" />
		<Unit filename="include/bullet/BulletMultiThreaded/GpuSoftBodySolvers/OpenCL/btSoftBodySolverOutputCLtoGL.h" />
		<Unit filename="include/bullet/BulletMultiThreaded/GpuSoftBodySolvers/OpenCL/btSoftBodySolverTriangleData_OpenCL.h" />
		<Unit filename="include/bullet/BulletMultiThreaded/GpuSoftBodySolvers/OpenCL/btSoftBodySolverVertexBuffer_OpenGL.h" />
		<Unit filename="include/bullet/BulletMultiThreaded/GpuSoftBodySolvers/OpenCL/btSoftBodySolverVertexData_OpenCL.h" />
		<Unit filename="include/bullet/BulletMultiThreaded/GpuSoftBodySolvers/OpenCL/btSoftBodySolver_OpenCL.h" />
		<Unit filename="include/bullet/BulletMultiThreaded/GpuSoftBodySolvers/OpenCL/btSoftBodySolver_OpenCLSIMDAware.h" />
		<Unit filename="include/bullet/BulletMultiThreaded/HeapManager.h" />
		<Unit filename="include/bullet/BulletMultiThreaded/PlatformDefinitions.h" />
		<Unit filename="include/bullet/BulletMultiThreaded/PosixThreadSupport.h" />
		<Unit filename="include/bullet/BulletMultiThreaded/PpuAddressSpace.h" />
		<Unit filename="include/bullet/BulletMultiThreaded/SequentialThreadSupport.h" />
		<Unit filename="include/bullet/BulletMultiThreaded/SpuCollisionObjectWrapper.h" />
		<Unit filename="include/bullet/BulletMultiThreaded/SpuCollisionTaskProcess.h" />
		<Unit filename="include/bullet/BulletMultiThreaded/SpuContactManifoldCollisionAlgorithm.h" />
		<Unit filename="include/bullet/BulletMultiThreaded/SpuDoubleBuffer.h" />
		<Unit filename="include/bullet/BulletMultiThreaded/SpuFakeDma.h" />
		<Unit filename="include/bullet/BulletMultiThreaded/SpuGatheringCollisionDispatcher.h" />
		<Unit filename="include/bullet/BulletMultiThreaded/SpuLibspe2Support.h" />
		<Unit filename="include/bullet/BulletMultiThreaded/SpuNarrowPhaseCollisionTask/Box.h" />
		<Unit filename="include/bullet/BulletMultiThreaded/SpuNarrowPhaseCollisionTask/SpuCollisionShapes.h" />
		<Unit filename="include/bullet/BulletMultiThreaded/SpuNarrowPhaseCollisionTask/SpuContactResult.h" />
		<Unit filename="include/bullet/BulletMultiThreaded/SpuNarrowPhaseCollisionTask/SpuConvexPenetrationDepthSolver.h" />
		<Unit filename="include/bullet/BulletMultiThreaded/SpuNarrowPhaseCollisionTask/SpuGatheringCollisionTask.h" />
		<Unit filename="include/bullet/BulletMultiThreaded/SpuNarrowPhaseCollisionTask/SpuLocalSupport.h" />
		<Unit filename="include/bullet/BulletMultiThreaded/SpuNarrowPhaseCollisionTask/SpuMinkowskiPenetrationDepthSolver.h" />
		<Unit filename="include/bullet/BulletMultiThreaded/SpuNarrowPhaseCollisionTask/SpuPreferredPenetrationDirections.h" />
		<Unit filename="include/bullet/BulletMultiThreaded/SpuNarrowPhaseCollisionTask/boxBoxDistance.h" />
		<Unit filename="include/bullet/BulletMultiThreaded/SpuSampleTaskProcess.h" />
		<Unit filename="include/bullet/BulletMultiThreaded/SpuSampleTask/SpuSampleTask.h" />
		<Unit filename="include/bullet/BulletMultiThreaded/SpuSync.h" />
		<Unit filename="include/bullet/BulletMultiThreaded/TrbDynBody.h" />
		<Unit filename="include/bullet/BulletMultiThreaded/TrbStateVec.h" />
		<Unit filename="include/bullet/BulletMultiThreaded/Win32ThreadSupport.h" />
		<Unit filename="include/bullet/BulletMultiThreaded/btGpu3DGridBroadphase.h" />
		<Unit filename="include/bullet/BulletMultiThreaded/btGpu3DGridBroadphaseSharedCode.h" />
		<Unit filename="include/bullet/BulletMultiThreaded/btGpu3DGridBroadphaseSharedDefs.h" />
		<Unit filename="include/bullet/BulletMultiThreaded/btGpu3DGridBroadphaseSharedTypes.h" />
		<Unit filename="include/bullet/BulletMultiThreaded/btGpuDefines.h" />
		<Unit filename="include/bullet/BulletMultiThreaded/btGpuUtilsSharedCode.h" />
		<Unit filename="include/bullet/BulletMultiThreaded/btGpuUtilsSharedDefs.h" />
		<Unit filename="include/bullet/BulletMultiThreaded/btParallelConstraintSolver.h" />
		<Unit filename="include/bullet/BulletMultiThreaded/btThreadSupportInterface.h" />
		<Unit filename="include/bullet/BulletMultiThreaded/vectormath2bullet.h" />
		<Unit filename="include/bullet/BulletSoftBody/btDefaultSoftBodySolver.h" />
		<Unit filename="include/bullet/BulletSoftBody/btSoftBody.h" />
		<Unit filename="include/bullet/BulletSoftBody/btSoftBodyConcaveCollisionAlgorithm.h" />
		<Unit filename="include/bullet/BulletSoftBody/btSoftBodyData.h" />
		<Unit filename="include/bullet/BulletSoftBody/btSoftBodyHelpers.h" />
		<Unit filename="include/bullet/BulletSoftBody/btSoftBodyInternals.h" />
		<Unit filename="include/bullet/BulletSoftBody/btSoftBodyRigidBodyCollisionConfiguration.h" />
		<Unit filename="include/bullet/BulletSoftBody/btSoftBodySolverVertexBuffer.h" />
		<Unit filename="include/bullet/BulletSoftBody/btSoftBodySolvers.h" />
		<Unit filename="include/bullet/BulletSoftBody/btSoftRigidCollisionAlgorithm.h" />
		<Unit filename="include/bullet/BulletSoftBody/btSoftRigidDynamicsWorld.h" />
		<Unit filename="include/bullet/BulletSoftBody/btSoftSoftCollisionAlgorithm.h" />
		<Unit filename="include/bullet/BulletSoftBody/btSparseSDF.h" />
		<Unit filename="include/bullet/BulletWorldImporter/btBulletWorldImporter.h" />
		<Unit filename="include/bullet/LinearMath/btAabbUtil2.h" />
		<Unit filename="include/bullet/LinearMath/btAlignedAllocator.h" />
		<Unit filename="include/bullet/LinearMath/btAlignedObjectArray.h" />
		<Unit filename="include/bullet/LinearMath/btConvexHull.h" />
		<Unit filename="include/bullet/LinearMath/btConvexHullComputer.h" />
		<Unit filename="include/bullet/LinearMath/btDefaultMotionState.h" />
		<Unit filename="include/bullet/LinearMath/btGeometryUtil.h" />
		<Unit filename="include/bullet/LinearMath/btHashMap.h" />
		<Unit filename="include/bullet/LinearMath/btIDebugDraw.h" />
		<Unit filename="include/bullet/LinearMath/btList.h" />
		<Unit filename="include/bullet/LinearMath/btMatrix3x3.h" />
		<Unit filename="include/bullet/LinearMath/btMinMax.h" />
		<Unit filename="include/bullet/LinearMath/btMotionState.h" />
		<Unit filename="include/bullet/LinearMath/btPoolAllocator.h" />
		<Unit filename="include/bullet/LinearMath/btQuadWord.h" />
		<Unit filename="include/bullet/LinearMath/btQuaternion.h" />
		<Unit filename="include/bullet/LinearMath/btQuickprof.h" />
		<Unit filename="include/bullet/LinearMath/btRandom.h" />
		<Unit filename="include/bullet/LinearMath/btScalar.h" />
		<Unit filename="include/bullet/LinearMath/btSerializer.h" />
		<Unit filename="include/bullet/LinearMath/btStackAlloc.h" />
		<Unit filename="include/bullet/LinearMath/btTransform.h" />
		<Unit filename="include/bullet/LinearMath/btTransformUtil.h" />
		<Unit filename="include/bullet/LinearMath/btVector3.h" />
		<Unit filename="include/bullet/MiniCL/MiniCLTaskScheduler.h" />
		<Unit filename="include/bullet/MiniCL/MiniCLTask/MiniCLTask.h" />
		<Unit filename="include/bullet/MiniCL/cl.h" />
		<Unit filename="include/bullet/MiniCL/cl_MiniCL_Defs.h" />
		<Unit filename="include/bullet/MiniCL/cl_gl.h" />
		<Unit filename="include/bullet/MiniCL/cl_platform.h" />
		<Unit filename="include/bullet/btBulletCollisionCommon.h" />
		<Unit filename="include/bullet/btBulletDynamicsCommon.h" />
		<Unit filename="include/crabsim/BlenderImport.h" />
		<Unit filename="include/crabsim/Box.h" />
		<Unit filename="include/crabsim/Capsule.h" />
		<Unit filename="include/crabsim/Cone.h" />
		<Unit filename="include/crabsim/ConvexHull.h" />
		<Unit filename="include/crabsim/CrabSim.h" />
		<Unit filename="include/crabsim/Cylinder.h" />
		<Unit filename="include/crabsim/Joint.h" />
		<Unit filename="include/crabsim/PhysicalObject.h" />
		<Unit filename="include/crabsim/PhysicsSim.h" />
		<Unit filename="include/crabsim/Sphere.h" />
		<Unit filename="include/crabsim/Terrain.h" />
		<Unit filename="include/crabsim/TriMesh.h" />
		<Unit filename="include/utils/matrix.h" />
		<Unit filename="include/utils/util.h" />
		<Unit filename="src/bullet/BulletCollision/BroadphaseCollision/btAxisSweep3.cpp" />
		<Unit filename="src/bullet/BulletCollision/BroadphaseCollision/btBroadphaseProxy.cpp" />
		<Unit filename="src/bullet/BulletCollision/BroadphaseCollision/btCollisionAlgorithm.cpp" />
		<Unit filename="src/bullet/BulletCollision/BroadphaseCollision/btDbvt.cpp" />
		<Unit filename="src/bullet/BulletCollision/BroadphaseCollision/btDbvtBroadphase.cpp" />
		<Unit filename="src/bullet/BulletCollision/BroadphaseCollision/btDispatcher.cpp" />
		<Unit filename="src/bullet/BulletCollision/BroadphaseCollision/btMultiSapBroadphase.cpp" />
		<Unit filename="src/bullet/BulletCollision/BroadphaseCollision/btOverlappingPairCache.cpp" />
		<Unit filename="src/bullet/BulletCollision/BroadphaseCollision/btQuantizedBvh.cpp" />
		<Unit filename="src/bullet/BulletCollision/BroadphaseCollision/btSimpleBroadphase.cpp" />
		<Unit filename="src/bullet/BulletCollision/CollisionDispatch/SphereTriangleDetector.cpp" />
		<Unit filename="src/bullet/BulletCollision/CollisionDispatch/btActivatingCollisionAlgorithm.cpp" />
		<Unit filename="src/bullet/BulletCollision/CollisionDispatch/btBox2dBox2dCollisionAlgorithm.cpp" />
		<Unit filename="src/bullet/BulletCollision/CollisionDispatch/btBoxBoxCollisionAlgorithm.cpp" />
		<Unit filename="src/bullet/BulletCollision/CollisionDispatch/btBoxBoxDetector.cpp" />
		<Unit filename="src/bullet/BulletCollision/CollisionDispatch/btCollisionDispatcher.cpp" />
		<Unit filename="src/bullet/BulletCollision/CollisionDispatch/btCollisionObject.cpp" />
		<Unit filename="src/bullet/BulletCollision/CollisionDispatch/btCollisionWorld.cpp" />
		<Unit filename="src/bullet/BulletCollision/CollisionDispatch/btCompoundCollisionAlgorithm.cpp" />
		<Unit filename="src/bullet/BulletCollision/CollisionDispatch/btConvex2dConvex2dAlgorithm.cpp" />
		<Unit filename="src/bullet/BulletCollision/CollisionDispatch/btConvexConcaveCollisionAlgorithm.cpp" />
		<Unit filename="src/bullet/BulletCollision/CollisionDispatch/btConvexConvexAlgorithm.cpp" />
		<Unit filename="src/bullet/BulletCollision/CollisionDispatch/btConvexPlaneCollisionAlgorithm.cpp" />
		<Unit filename="src/bullet/BulletCollision/CollisionDispatch/btDefaultCollisionConfiguration.cpp" />
		<Unit filename="src/bullet/BulletCollision/CollisionDispatch/btEmptyCollisionAlgorithm.cpp" />
		<Unit filename="src/bullet/BulletCollision/CollisionDispatch/btGhostObject.cpp" />
		<Unit filename="src/bullet/BulletCollision/CollisionDispatch/btInternalEdgeUtility.cpp" />
		<Unit filename="src/bullet/BulletCollision/CollisionDispatch/btManifoldResult.cpp" />
		<Unit filename="src/bullet/BulletCollision/CollisionDispatch/btSimulationIslandManager.cpp" />
		<Unit filename="src/bullet/BulletCollision/CollisionDispatch/btSphereBoxCollisionAlgorithm.cpp" />
		<Unit filename="src/bullet/BulletCollision/CollisionDispatch/btSphereSphereCollisionAlgorithm.cpp" />
		<Unit filename="src/bullet/BulletCollision/CollisionDispatch/btSphereTriangleCollisionAlgorithm.cpp" />
		<Unit filename="src/bullet/BulletCollision/CollisionDispatch/btUnionFind.cpp" />
		<Unit filename="src/bullet/BulletCollision/CollisionShapes/btBox2dShape.cpp" />
		<Unit filename="src/bullet/BulletCollision/CollisionShapes/btBoxShape.cpp" />
		<Unit filename="src/bullet/BulletCollision/CollisionShapes/btBvhTriangleMeshShape.cpp" />
		<Unit filename="src/bullet/BulletCollision/CollisionShapes/btCapsuleShape.cpp" />
		<Unit filename="src/bullet/BulletCollision/CollisionShapes/btCollisionShape.cpp" />
		<Unit filename="src/bullet/BulletCollision/CollisionShapes/btCompoundShape.cpp" />
		<Unit filename="src/bullet/BulletCollision/CollisionShapes/btConcaveShape.cpp" />
		<Unit filename="src/bullet/BulletCollision/CollisionShapes/btConeShape.cpp" />
		<Unit filename="src/bullet/BulletCollision/CollisionShapes/btConvex2dShape.cpp" />
		<Unit filename="src/bullet/BulletCollision/CollisionShapes/btConvexHullShape.cpp" />
		<Unit filename="src/bullet/BulletCollision/CollisionShapes/btConvexInternalShape.cpp" />
		<Unit filename="src/bullet/BulletCollision/CollisionShapes/btConvexPointCloudShape.cpp" />
		<Unit filename="src/bullet/BulletCollision/CollisionShapes/btConvexShape.cpp" />
		<Unit filename="src/bullet/BulletCollision/CollisionShapes/btConvexTriangleMeshShape.cpp" />
		<Unit filename="src/bullet/BulletCollision/CollisionShapes/btCylinderShape.cpp" />
		<Unit filename="src/bullet/BulletCollision/CollisionShapes/btEmptyShape.cpp" />
		<Unit filename="src/bullet/BulletCollision/CollisionShapes/btHeightfieldTerrainShape.cpp" />
		<Unit filename="src/bullet/BulletCollision/CollisionShapes/btMinkowskiSumShape.cpp" />
		<Unit filename="src/bullet/BulletCollision/CollisionShapes/btMultiSphereShape.cpp" />
		<Unit filename="src/bullet/BulletCollision/CollisionShapes/btMultimaterialTriangleMeshShape.cpp" />
		<Unit filename="src/bullet/BulletCollision/CollisionShapes/btOptimizedBvh.cpp" />
		<Unit filename="src/bullet/BulletCollision/CollisionShapes/btPolyhedralConvexShape.cpp" />
		<Unit filename="src/bullet/BulletCollision/CollisionShapes/btScaledBvhTriangleMeshShape.cpp" />
		<Unit filename="src/bullet/BulletCollision/CollisionShapes/btShapeHull.cpp" />
		<Unit filename="src/bullet/BulletCollision/CollisionShapes/btSphereShape.cpp" />
		<Unit filename="src/bullet/BulletCollision/CollisionShapes/btStaticPlaneShape.cpp" />
		<Unit filename="src/bullet/BulletCollision/CollisionShapes/btStridingMeshInterface.cpp" />
		<Unit filename="src/bullet/BulletCollision/CollisionShapes/btTetrahedronShape.cpp" />
		<Unit filename="src/bullet/BulletCollision/CollisionShapes/btTriangleBuffer.cpp" />
		<Unit filename="src/bullet/BulletCollision/CollisionShapes/btTriangleCallback.cpp" />
		<Unit filename="src/bullet/BulletCollision/CollisionShapes/btTriangleIndexVertexArray.cpp" />
		<Unit filename="src/bullet/BulletCollision/CollisionShapes/btTriangleIndexVertexMaterialArray.cpp" />
		<Unit filename="src/bullet/BulletCollision/CollisionShapes/btTriangleMesh.cpp" />
		<Unit filename="src/bullet/BulletCollision/CollisionShapes/btTriangleMeshShape.cpp" />
		<Unit filename="src/bullet/BulletCollision/CollisionShapes/btUniformScalingShape.cpp" />
		<Unit filename="src/bullet/BulletCollision/Gimpact/btContactProcessing.cpp" />
		<Unit filename="src/bullet/BulletCollision/Gimpact/btGImpactBvh.cpp" />
		<Unit filename="src/bullet/BulletCollision/Gimpact/btGImpactCollisionAlgorithm.cpp" />
		<Unit filename="src/bullet/BulletCollision/Gimpact/btGImpactQuantizedBvh.cpp" />
		<Unit filename="src/bullet/BulletCollision/Gimpact/btGImpactShape.cpp" />
		<Unit filename="src/bullet/BulletCollision/Gimpact/btGenericPoolAllocator.cpp" />
		<Unit filename="src/bullet/BulletCollision/Gimpact/btTriangleShapeEx.cpp" />
		<Unit filename="src/bullet/BulletCollision/Gimpact/gim_box_set.cpp" />
		<Unit filename="src/bullet/BulletCollision/Gimpact/gim_contact.cpp" />
		<Unit filename="src/bullet/BulletCollision/Gimpact/gim_memory.cpp" />
		<Unit filename="src/bullet/BulletCollision/Gimpact/gim_tri_collision.cpp" />
		<Unit filename="src/bullet/BulletCollision/NarrowPhaseCollision/btContinuousConvexCollision.cpp" />
		<Unit filename="src/bullet/BulletCollision/NarrowPhaseCollision/btConvexCast.cpp" />
		<Unit filename="src/bullet/BulletCollision/NarrowPhaseCollision/btGjkConvexCast.cpp" />
		<Unit filename="src/bullet/BulletCollision/NarrowPhaseCollision/btGjkEpa2.cpp" />
		<Unit filename="src/bullet/BulletCollision/NarrowPhaseCollision/btGjkEpaPenetrationDepthSolver.cpp" />
		<Unit filename="src/bullet/BulletCollision/NarrowPhaseCollision/btGjkPairDetector.cpp" />
		<Unit filename="src/bullet/BulletCollision/NarrowPhaseCollision/btMinkowskiPenetrationDepthSolver.cpp" />
		<Unit filename="src/bullet/BulletCollision/NarrowPhaseCollision/btPersistentManifold.cpp" />
		<Unit filename="src/bullet/BulletCollision/NarrowPhaseCollision/btRaycastCallback.cpp" />
		<Unit filename="src/bullet/BulletCollision/NarrowPhaseCollision/btSubSimplexConvexCast.cpp" />
		<Unit filename="src/bullet/BulletCollision/NarrowPhaseCollision/btVoronoiSimplexSolver.cpp" />
		<Unit filename="src/bullet/BulletDynamics/Character/btKinematicCharacterController.cpp" />
		<Unit filename="src/bullet/BulletDynamics/ConstraintSolver/btConeTwistConstraint.cpp" />
		<Unit filename="src/bullet/BulletDynamics/ConstraintSolver/btContactConstraint.cpp" />
		<Unit filename="src/bullet/BulletDynamics/ConstraintSolver/btGeneric6DofConstraint.cpp" />
		<Unit filename="src/bullet/BulletDynamics/ConstraintSolver/btGeneric6DofSpringConstraint.cpp" />
		<Unit filename="src/bullet/BulletDynamics/ConstraintSolver/btHinge2Constraint.cpp" />
		<Unit filename="src/bullet/BulletDynamics/ConstraintSolver/btHingeConstraint.cpp" />
		<Unit filename="src/bullet/BulletDynamics/ConstraintSolver/btPoint2PointConstraint.cpp" />
		<Unit filename="src/bullet/BulletDynamics/ConstraintSolver/btSequentialImpulseConstraintSolver.cpp" />
		<Unit filename="src/bullet/BulletDynamics/ConstraintSolver/btSliderConstraint.cpp" />
		<Unit filename="src/bullet/BulletDynamics/ConstraintSolver/btSolve2LinearConstraint.cpp" />
		<Unit filename="src/bullet/BulletDynamics/ConstraintSolver/btTypedConstraint.cpp" />
		<Unit filename="src/bullet/BulletDynamics/ConstraintSolver/btUniversalConstraint.cpp" />
		<Unit filename="src/bullet/BulletDynamics/Dynamics/Bullet-C-API.cpp" />
		<Unit filename="src/bullet/BulletDynamics/Dynamics/btContinuousDynamicsWorld.cpp" />
		<Unit filename="src/bullet/BulletDynamics/Dynamics/btDiscreteDynamicsWorld.cpp" />
		<Unit filename="src/bullet/BulletDynamics/Dynamics/btRigidBody.cpp" />
		<Unit filename="src/bullet/BulletDynamics/Dynamics/btSimpleDynamicsWorld.cpp" />
		<Unit filename="src/bullet/BulletDynamics/Vehicle/btRaycastVehicle.cpp" />
		<Unit filename="src/bullet/BulletDynamics/Vehicle/btWheelInfo.cpp" />
		<Unit filename="src/bullet/BulletFileLoader/bChunk.cpp" />
		<Unit filename="src/bullet/BulletFileLoader/bDNA.cpp" />
		<Unit filename="src/bullet/BulletFileLoader/bFile.cpp" />
		<Unit filename="src/bullet/BulletFileLoader/btBulletFile.cpp" />
		<Unit filename="src/bullet/BulletWorldImporter/btBulletWorldImporter.cpp" />
		<Unit filename="src/bullet/LinearMath/btAlignedAllocator.cpp" />
		<Unit filename="src/bullet/LinearMath/btConvexHull.cpp" />
		<Unit filename="src/bullet/LinearMath/btGeometryUtil.cpp" />
		<Unit filename="src/bullet/LinearMath/btQuickprof.cpp" />
		<Unit filename="src/bullet/LinearMath/btSerializer.cpp" />
		<Unit filename="src/crabsim/BlenderImport.cpp" />
		<Unit filename="src/crabsim/Box.cpp" />
		<Unit filename="src/crabsim/Capsule.cpp" />
		<Unit filename="src/crabsim/Cone.cpp" />
		<Unit filename="src/crabsim/ConvexHull.cpp" />
		<Unit filename="src/crabsim/Cylinder.cpp" />
		<Unit filename="src/crabsim/Joint.cpp" />
		<Unit filename="src/crabsim/PhysicalObject.cpp" />
		<Unit filename="src/crabsim/PhysicsSim.cpp" />
		<Unit filename="src/crabsim/Sphere.cpp" />
		<Unit filename="src/crabsim/Terrain.cpp" />
		<Unit filename="src/crabsim/TriMesh.cpp" />
		<Unit filename="src/main.cpp" />
		<Unit filename="src/utils/matrix.cpp" />
		<Unit filename="src/utils/util.cpp" />
		<Extensions>
			<code_completion />
			<envvars />
			<debugger />
			<lib_finder disable_auto="1" />
		</Extensions>
	</Project>
</CodeBlocks_project_file>
